// !$*UTF8*$!
{
	archiveVersion = 1;
	classes = {
	};
	objectVersion = 56;
	objects = {

/* Begin PBXBuildFile section */
		A3DCA89F2AB4D15B0095636C /* SearchableApp.swift in Sources */ = {isa = PBXBuildFile; fileRef = A3DCA89E2AB4D15B0095636C /* SearchableApp.swift */; };
		A3DCA8A12AB4D15B0095636C /* ContentView.swift in Sources */ = {isa = PBXBuildFile; fileRef = A3DCA8A02AB4D15B0095636C /* ContentView.swift */; };
		A3DCA8A32AB4D15C0095636C /* Assets.xcassets in Resources */ = {isa = PBXBuildFile; fileRef = A3DCA8A22AB4D15C0095636C /* Assets.xcassets */; };
		A3DCA8A62AB4D15C0095636C /* Preview Assets.xcassets in Resources */ = {isa = PBXBuildFile; fileRef = A3DCA8A52AB4D15C0095636C /* Preview Assets.xcassets */; };
		A3DCA8C92AB4D2060095636C /* SheetView.swift in Sources */ = {isa = PBXBuildFile; fileRef = A3DCA8C82AB4D2060095636C /* SheetView.swift */; };
		A3DCA8CB2AB4D2610095636C /* SheetViewModel.swift in Sources */ = {isa = PBXBuildFile; fileRef = A3DCA8CA2AB4D2610095636C /* SheetViewModel.swift */; };
/* End PBXBuildFile section */

/* Begin PBXContainerItemProxy section */
		A3DCA8AC2AB4D15C0095636C /* PBXContainerItemProxy */ = {
			isa = PBXContainerItemProxy;
			containerPortal = A3DCA8932AB4D15B0095636C /* Project object */;
			proxyType = 1;
			remoteGlobalIDString = A3DCA89A2AB4D15B0095636C;
			remoteInfo = Searchable;
		};
		A3DCA8B62AB4D15C0095636C /* PBXContainerItemProxy */ = {
			isa = PBXContainerItemProxy;
			containerPortal = A3DCA8932AB4D15B0095636C /* Project object */;
			proxyType = 1;
			remoteGlobalIDString = A3DCA89A2AB4D15B0095636C;
			remoteInfo = Searchable;
		};
/* End PBXContainerItemProxy section */

/* Begin PBXFileReference section */
		A3DCA89B2AB4D15B0095636C /* Searchable.app */ = {isa = PBXFileReference; explicitFileType = wrapper.application; includeInIndex = 0; path = Searchable.app; sourceTree = BUILT_PRODUCTS_DIR; };
		A3DCA89E2AB4D15B0095636C /* SearchableApp.swift */ = {isa = PBXFileReference; lastKnownFileType = sourcecode.swift; path = SearchableApp.swift; sourceTree = "<group>"; };
		A3DCA8A02AB4D15B0095636C /* ContentView.swift */ = {isa = PBXFileReference; lastKnownFileType = sourcecode.swift; path = ContentView.swift; sourceTree = "<group>"; };
		A3DCA8A22AB4D15C0095636C /* Assets.xcassets */ = {isa = PBXFileReference; lastKnownFileType = folder.assetcatalog; path = Assets.xcassets; sourceTree = "<group>"; };
		A3DCA8A52AB4D15C0095636C /* Preview Assets.xcassets */ = {isa = PBXFileReference; lastKnownFileType = folder.assetcatalog; path = "Preview Assets.xcassets"; sourceTree = "<group>"; };
		A3DCA8AB2AB4D15C0095636C /* SearchableTests.xctest */ = {isa = PBXFileReference; explicitFileType = wrapper.cfbundle; includeInIndex = 0; path = SearchableTests.xctest; sourceTree = BUILT_PRODUCTS_DIR; };
		A3DCA8B52AB4D15C0095636C /* SearchableUITests.xctest */ = {isa = PBXFileReference; explicitFileType = wrapper.cfbundle; includeInIndex = 0; path = SearchableUITests.xctest; sourceTree = BUILT_PRODUCTS_DIR; };
		A3DCA8C82AB4D2060095636C /* SheetView.swift */ = {isa = PBXFileReference; lastKnownFileType = sourcecode.swift; path = SheetView.swift; sourceTree = "<group>"; };
		A3DCA8CA2AB4D2610095636C /* SheetViewModel.swift */ = {isa = PBXFileReference; lastKnownFileType = sourcecode.swift; path = SheetViewModel.swift; sourceTree = "<group>"; };
/* End PBXFileReference section */

/* Begin PBXFrameworksBuildPhase section */
		A3DCA8982AB4D15B0095636C /* Frameworks */ = {
			isa = PBXFrameworksBuildPhase;
			buildActionMask = 2147483647;
			files = (
			);
			runOnlyForDeploymentPostprocessing = 0;
		};
		A3DCA8A82AB4D15C0095636C /* Frameworks */ = {
			isa = PBXFrameworksBuildPhase;
			buildActionMask = 2147483647;
			files = (
			);
			runOnlyForDeploymentPostprocessing = 0;
		};
		A3DCA8B22AB4D15C0095636C /* Frameworks */ = {
			isa = PBXFrameworksBuildPhase;
			buildActionMask = 2147483647;
			files = (
			);
			runOnlyForDeploymentPostprocessing = 0;
		};
/* End PBXFrameworksBuildPhase section */

/* Begin PBXGroup section */
		A3DCA8922AB4D15B0095636C = {
			isa = PBXGroup;
			children = (
				A3DCA89D2AB4D15B0095636C /* Searchable */,
				A3DCA89C2AB4D15B0095636C /* Products */,
			);
			sourceTree = "<group>";
		};
		A3DCA89C2AB4D15B0095636C /* Products */ = {
			isa = PBXGroup;
			children = (
				A3DCA89B2AB4D15B0095636C /* Searchable.app */,
				A3DCA8AB2AB4D15C0095636C /* SearchableTests.xctest */,
				A3DCA8B52AB4D15C0095636C /* SearchableUITests.xctest */,
			);
			name = Products;
			sourceTree = "<group>";
		};
		A3DCA89D2AB4D15B0095636C /* Searchable */ = {
			isa = PBXGroup;
			children = (
				A3DCA89E2AB4D15B0095636C /* SearchableApp.swift */,
				A3DCA8A02AB4D15B0095636C /* ContentView.swift */,
				A3DCA8C82AB4D2060095636C /* SheetView.swift */,
				A3DCA8CA2AB4D2610095636C /* SheetViewModel.swift */,
				A3DCA8A22AB4D15C0095636C /* Assets.xcassets */,
				A3DCA8A42AB4D15C0095636C /* Preview Content */,
			);
			path = Searchable;
			sourceTree = "<group>";
		};
		A3DCA8A42AB4D15C0095636C /* Preview Content */ = {
			isa = PBXGroup;
			children = (
				A3DCA8A52AB4D15C0095636C /* Preview Assets.xcassets */,
			);
			path = "Preview Content";
			sourceTree = "<group>";
		};
/* End PBXGroup section */

/* Begin PBXNativeTarget section */
		A3DCA89A2AB4D15B0095636C /* Searchable */ = {
			isa = PBXNativeTarget;
			buildConfigurationList = A3DCA8BF2AB4D15C0095636C /* Build configuration list for PBXNativeTarget "Searchable" */;
			buildPhases = (
				A3DCA8972AB4D15B0095636C /* Sources */,
				A3DCA8982AB4D15B0095636C /* Frameworks */,
				A3DCA8992AB4D15B0095636C /* Resources */,
			);
			buildRules = (
			);
			dependencies = (
			);
			name = Searchable;
			productName = Searchable;
			productReference = A3DCA89B2AB4D15B0095636C /* Searchable.app */;
			productType = "com.apple.product-type.application";
		};
		A3DCA8AA2AB4D15C0095636C /* SearchableTests */ = {
			isa = PBXNativeTarget;
			buildConfigurationList = A3DCA8C22AB4D15C0095636C /* Build configuration list for PBXNativeTarget "SearchableTests" */;
			buildPhases = (
				A3DCA8A72AB4D15C0095636C /* Sources */,
				A3DCA8A82AB4D15C0095636C /* Frameworks */,
				A3DCA8A92AB4D15C0095636C /* Resources */,
			);
			buildRules = (
			);
			dependencies = (
				A3DCA8AD2AB4D15C0095636C /* PBXTargetDependency */,
			);
			name = SearchableTests;
			productName = SearchableTests;
			productReference = A3DCA8AB2AB4D15C0095636C /* SearchableTests.xctest */;
			productType = "com.apple.product-type.bundle.unit-test";
		};
		A3DCA8B42AB4D15C0095636C /* SearchableUITests */ = {
			isa = PBXNativeTarget;
			buildConfigurationList = A3DCA8C52AB4D15C0095636C /* Build configuration list for PBXNativeTarget "SearchableUITests" */;
			buildPhases = (
				A3DCA8B12AB4D15C0095636C /* Sources */,
				A3DCA8B22AB4D15C0095636C /* Frameworks */,
				A3DCA8B32AB4D15C0095636C /* Resources */,
			);
			buildRules = (
			);
			dependencies = (
				A3DCA8B72AB4D15C0095636C /* PBXTargetDependency */,
			);
			name = SearchableUITests;
			productName = SearchableUITests;
			productReference = A3DCA8B52AB4D15C0095636C /* SearchableUITests.xctest */;
			productType = "com.apple.product-type.bundle.ui-testing";
		};
/* End PBXNativeTarget section */

/* Begin PBXProject section */
		A3DCA8932AB4D15B0095636C /* Project object */ = {
			isa = PBXProject;
			attributes = {
				BuildIndependentTargetsInParallel = 1;
				LastSwiftUpdateCheck = 1430;
				LastUpgradeCheck = 1430;
				TargetAttributes = {
					A3DCA89A2AB4D15B0095636C = {
						CreatedOnToolsVersion = 14.3.1;
					};
					A3DCA8AA2AB4D15C0095636C = {
						CreatedOnToolsVersion = 14.3.1;
						TestTargetID = A3DCA89A2AB4D15B0095636C;
					};
					A3DCA8B42AB4D15C0095636C = {
						CreatedOnToolsVersion = 14.3.1;
						TestTargetID = A3DCA89A2AB4D15B0095636C;
					};
				};
			};
			buildConfigurationList = A3DCA8962AB4D15B0095636C /* Build configuration list for PBXProject "Searchable" */;
			compatibilityVersion = "Xcode 14.0";
			developmentRegion = en;
			hasScannedForEncodings = 0;
			knownRegions = (
				en,
				Base,
			);
			mainGroup = A3DCA8922AB4D15B0095636C;
			productRefGroup = A3DCA89C2AB4D15B0095636C /* Products */;
			projectDirPath = "";
			projectRoot = "";
			targets = (
				A3DCA89A2AB4D15B0095636C /* Searchable */,
				A3DCA8AA2AB4D15C0095636C /* SearchableTests */,
				A3DCA8B42AB4D15C0095636C /* SearchableUITests */,
			);
		};
/* End PBXProject section */

/* Begin PBXResourcesBuildPhase section */
		A3DCA8992AB4D15B0095636C /* Resources */ = {
			isa = PBXResourcesBuildPhase;
			buildActionMask = 2147483647;
			files = (
				A3DCA8A62AB4D15C0095636C /* Preview Assets.xcassets in Resources */,
				A3DCA8A32AB4D15C0095636C /* Assets.xcassets in Resources */,
			);
			runOnlyForDeploymentPostprocessing = 0;
		};
		A3DCA8A92AB4D15C0095636C /* Resources */ = {
			isa = PBXResourcesBuildPhase;
			buildActionMask = 2147483647;
			files = (
			);
			runOnlyForDeploymentPostprocessing = 0;
		};
		A3DCA8B32AB4D15C0095636C /* Resources */ = {
			isa = PBXResourcesBuildPhase;
			buildActionMask = 2147483647;
			files = (
			);
			runOnlyForDeploymentPostprocessing = 0;
		};
/* End PBXResourcesBuildPhase section */

/* Begin PBXSourcesBuildPhase section */
		A3DCA8972AB4D15B0095636C /* Sources */ = {
			isa = PBXSourcesBuildPhase;
			buildActionMask = 2147483647;
			files = (
				A3DCA8CB2AB4D2610095636C /* SheetViewModel.swift in Sources */,
				A3DCA8A12AB4D15B0095636C /* ContentView.swift in Sources */,
				A3DCA8C92AB4D2060095636C /* SheetView.swift in Sources */,
				A3DCA89F2AB4D15B0095636C /* SearchableApp.swift in Sources */,
			);
			runOnlyForDeploymentPostprocessing = 0;
		};
		A3DCA8A72AB4D15C0095636C /* Sources */ = {
			isa = PBXSourcesBuildPhase;
			buildActionMask = 2147483647;
			files = (
			);
			runOnlyForDeploymentPostprocessing = 0;
		};
		A3DCA8B12AB4D15C0095636C /* Sources */ = {
			isa = PBXSourcesBuildPhase;
			buildActionMask = 2147483647;
			files = (
			);
			runOnlyForDeploymentPostprocessing = 0;
		};
/* End PBXSourcesBuildPhase section */

/* Begin PBXTargetDependency section */
		A3DCA8AD2AB4D15C0095636C /* PBXTargetDependency */ = {
			isa = PBXTargetDependency;
			target = A3DCA89A2AB4D15B0095636C /* Searchable */;
			targetProxy = A3DCA8AC2AB4D15C0095636C /* PBXContainerItemProxy */;
		};
		A3DCA8B72AB4D15C0095636C /* PBXTargetDependency */ = {
			isa = PBXTargetDependency;
			target = A3DCA89A2AB4D15B0095636C /* Searchable */;
			targetProxy = A3DCA8B62AB4D15C0095636C /* PBXContainerItemProxy */;
		};
/* End PBXTargetDependency section */

/* Begin XCBuildConfiguration section */
		A3DCA8BD2AB4D15C0095636C /* Debug */ = {
			isa = XCBuildConfiguration;
			buildSettings = {
				ALWAYS_SEARCH_USER_PATHS = NO;
				CLANG_ANALYZER_NONNULL = YES;
				CLANG_ANALYZER_NUMBER_OBJECT_CONVERSION = YES_AGGRESSIVE;
				CLANG_CXX_LANGUAGE_STANDARD = "gnu++20";
				CLANG_ENABLE_MODULES = YES;
				CLANG_ENABLE_OBJC_ARC = YES;
				CLANG_ENABLE_OBJC_WEAK = YES;
				CLANG_WARN_BLOCK_CAPTURE_AUTORELEASING = YES;
				CLANG_WARN_BOOL_CONVERSION = YES;
				CLANG_WARN_COMMA = YES;
				CLANG_WARN_CONSTANT_CONVERSION = YES;
				CLANG_WARN_DEPRECATED_OBJC_IMPLEMENTATIONS = YES;
				CLANG_WARN_DIRECT_OBJC_ISA_USAGE = YES_ERROR;
				CLANG_WARN_DOCUMENTATION_COMMENTS = YES;
				CLANG_WARN_EMPTY_BODY = YES;
				CLANG_WARN_ENUM_CONVERSION = YES;
				CLANG_WARN_INFINITE_RECURSION = YES;
				CLANG_WARN_INT_CONVERSION = YES;
				CLANG_WARN_NON_LITERAL_NULL_CONVERSION = YES;
				CLANG_WARN_OBJC_IMPLICIT_RETAIN_SELF = YES;
				CLANG_WARN_OBJC_LITERAL_CONVERSION = YES;
				CLANG_WARN_OBJC_ROOT_CLASS = YES_ERROR;
				CLANG_WARN_QUOTED_INCLUDE_IN_FRAMEWORK_HEADER = YES;
				CLANG_WARN_RANGE_LOOP_ANALYSIS = YES;
				CLANG_WARN_STRICT_PROTOTYPES = YES;
				CLANG_WARN_SUSPICIOUS_MOVE = YES;
				CLANG_WARN_UNGUARDED_AVAILABILITY = YES_AGGRESSIVE;
				CLANG_WARN_UNREACHABLE_CODE = YES;
				CLANG_WARN__DUPLICATE_METHOD_MATCH = YES;
				COPY_PHASE_STRIP = NO;
				DEBUG_INFORMATION_FORMAT = dwarf;
				ENABLE_STRICT_OBJC_MSGSEND = YES;
				ENABLE_TESTABILITY = YES;
				GCC_C_LANGUAGE_STANDARD = gnu11;
				GCC_DYNAMIC_NO_PIC = NO;
				GCC_NO_COMMON_BLOCKS = YES;
				GCC_OPTIMIZATION_LEVEL = 0;
				GCC_PREPROCESSOR_DEFINITIONS = (
					"DEBUG=1",
					"$(inherited)",
				);
				GCC_WARN_64_TO_32_BIT_CONVERSION = YES;
				GCC_WARN_ABOUT_RETURN_TYPE = YES_ERROR;
				GCC_WARN_UNDECLARED_SELECTOR = YES;
				GCC_WARN_UNINITIALIZED_AUTOS = YES_AGGRESSIVE;
				GCC_WARN_UNUSED_FUNCTION = YES;
				GCC_WARN_UNUSED_VARIABLE = YES;
				IPHONEOS_DEPLOYMENT_TARGET = 16.4;
				MTL_ENABLE_DEBUG_INFO = INCLUDE_SOURCE;
				MTL_FAST_MATH = YES;
				ONLY_ACTIVE_ARCH = YES;
				SDKROOT = iphoneos;
				SWIFT_ACTIVE_COMPILATION_CONDITIONS = DEBUG;
				SWIFT_OPTIMIZATION_LEVEL = "-Onone";
			};
			name = Debug;
		};
		A3DCA8BE2AB4D15C0095636C /* Release */ = {
			isa = XCBuildConfiguration;
			buildSettings = {
				ALWAYS_SEARCH_USER_PATHS = NO;
				CLANG_ANALYZER_NONNULL = YES;
				CLANG_ANALYZER_NUMBER_OBJECT_CONVERSION = YES_AGGRESSIVE;
				CLANG_CXX_LANGUAGE_STANDARD = "gnu++20";
				CLANG_ENABLE_MODULES = YES;
				CLANG_ENABLE_OBJC_ARC = YES;
				CLANG_ENABLE_OBJC_WEAK = YES;
				CLANG_WARN_BLOCK_CAPTURE_AUTORELEASING = YES;
				CLANG_WARN_BOOL_CONVERSION = YES;
				CLANG_WARN_COMMA = YES;
				CLANG_WARN_CONSTANT_CONVERSION = YES;
				CLANG_WARN_DEPRECATED_OBJC_IMPLEMENTATIONS = YES;
				CLANG_WARN_DIRECT_OBJC_ISA_USAGE = YES_ERROR;
				CLANG_WARN_DOCUMENTATION_COMMENTS = YES;
				CLANG_WARN_EMPTY_BODY = YES;
				CLANG_WARN_ENUM_CONVERSION = YES;
				CLANG_WARN_INFINITE_RECURSION = YES;
				CLANG_WARN_INT_CONVERSION = YES;
				CLANG_WARN_NON_LITERAL_NULL_CONVERSION = YES;
				CLANG_WARN_OBJC_IMPLICIT_RETAIN_SELF = YES;
				CLANG_WARN_OBJC_LITERAL_CONVERSION = YES;
				CLANG_WARN_OBJC_ROOT_CLASS = YES_ERROR;
				CLANG_WARN_QUOTED_INCLUDE_IN_FRAMEWORK_HEADER = YES;
				CLANG_WARN_RANGE_LOOP_ANALYSIS = YES;
				CLANG_WARN_STRICT_PROTOTYPES = YES;
				CLANG_WARN_SUSPICIOUS_MOVE = YES;
				CLANG_WARN_UNGUARDED_AVAILABILITY = YES_AGGRESSIVE;
				CLANG_WARN_UNREACHABLE_CODE = YES;
				CLANG_WARN__DUPLICATE_METHOD_MATCH = YES;
				COPY_PHASE_STRIP = NO;
				DEBUG_INFORMATION_FORMAT = "dwarf-with-dsym";
				ENABLE_NS_ASSERTIONS = NO;
				ENABLE_STRICT_OBJC_MSGSEND = YES;
				GCC_C_LANGUAGE_STANDARD = gnu11;
				GCC_NO_COMMON_BLOCKS = YES;
				GCC_WARN_64_TO_32_BIT_CONVERSION = YES;
				GCC_WARN_ABOUT_RETURN_TYPE = YES_ERROR;
				GCC_WARN_UNDECLARED_SELECTOR = YES;
				GCC_WARN_UNINITIALIZED_AUTOS = YES_AGGRESSIVE;
				GCC_WARN_UNUSED_FUNCTION = YES;
				GCC_WARN_UNUSED_VARIABLE = YES;
				IPHONEOS_DEPLOYMENT_TARGET = 16.4;
				MTL_ENABLE_DEBUG_INFO = NO;
				MTL_FAST_MATH = YES;
				SDKROOT = iphoneos;
				SWIFT_COMPILATION_MODE = wholemodule;
				SWIFT_OPTIMIZATION_LEVEL = "-O";
				VALIDATE_PRODUCT = YES;
			};
			name = Release;
		};
		A3DCA8C02AB4D15C0095636C /* Debug */ = {
			isa = XCBuildConfiguration;
			buildSettings = {
				ASSETCATALOG_COMPILER_APPICON_NAME = AppIcon;
				ASSETCATALOG_COMPILER_GLOBAL_ACCENT_COLOR_NAME = AccentColor;
				CODE_SIGN_STYLE = Automatic;
				CURRENT_PROJECT_VERSION = 1;
				DEVELOPMENT_ASSET_PATHS = "\"Searchable/Preview Content\"";
				DEVELOPMENT_TEAM = 79G3SNW9WU;
				ENABLE_PREVIEWS = YES;
				GENERATE_INFOPLIST_FILE = YES;
				INFOPLIST_KEY_UIApplicationSceneManifest_Generation = YES;
				INFOPLIST_KEY_UIApplicationSupportsIndirectInputEvents = YES;
				INFOPLIST_KEY_UILaunchScreen_Generation = YES;
				INFOPLIST_KEY_UISupportedInterfaceOrientations_iPad = "UIInterfaceOrientationPortrait UIInterfaceOrientationPortraitUpsideDown UIInterfaceOrientationLandscapeLeft UIInterfaceOrientationLandscapeRight";
				INFOPLIST_KEY_UISupportedInterfaceOrientations_iPhone = "UIInterfaceOrientationPortrait UIInterfaceOrientationLandscapeLeft UIInterfaceOrientationLandscapeRight";
				LD_RUNPATH_SEARCH_PATHS = (
					"$(inherited)",
					"@executable_path/Frameworks",
				);
				MARKETING_VERSION = 1.0;
				PRODUCT_BUNDLE_IDENTIFIER = com.Searchable;
				PRODUCT_NAME = "$(TARGET_NAME)";
				SWIFT_EMIT_LOC_STRINGS = YES;
				SWIFT_VERSION = 5.0;
				TARGETED_DEVICE_FAMILY = "1,2";
			};
			name = Debug;
		};
		A3DCA8C12AB4D15C0095636C /* Release */ = {
			isa = XCBuildConfiguration;
			buildSettings = {
				ASSETCATALOG_COMPILER_APPICON_NAME = AppIcon;
				ASSETCATALOG_COMPILER_GLOBAL_ACCENT_COLOR_NAME = AccentColor;
				CODE_SIGN_STYLE = Automatic;
				CURRENT_PROJECT_VERSION = 1;
				DEVELOPMENT_ASSET_PATHS = "\"Searchable/Preview Content\"";
				DEVELOPMENT_TEAM = 79G3SNW9WU;
				ENABLE_PREVIEWS = YES;
				GENERATE_INFOPLIST_FILE = YES;
				INFOPLIST_KEY_UIApplicationSceneManifest_Generation = YES;
				INFOPLIST_KEY_UIApplicationSupportsIndirectInputEvents = YES;
				INFOPLIST_KEY_UILaunchScreen_Generation = YES;
				INFOPLIST_KEY_UISupportedInterfaceOrientations_iPad = "UIInterfaceOrientationPortrait UIInterfaceOrientationPortraitUpsideDown UIInterfaceOrientationLandscapeLeft UIInterfaceOrientationLandscapeRight";
				INFOPLIST_KEY_UISupportedInterfaceOrientations_iPhone = "UIInterfaceOrientationPortrait UIInterfaceOrientationLandscapeLeft UIInterfaceOrientationLandscapeRight";
				LD_RUNPATH_SEARCH_PATHS = (
					"$(inherited)",
					"@executable_path/Frameworks",
				);
				MARKETING_VERSION = 1.0;
				PRODUCT_BUNDLE_IDENTIFIER = com.Searchable;
				PRODUCT_NAME = "$(TARGET_NAME)";
				SWIFT_EMIT_LOC_STRINGS = YES;
				SWIFT_VERSION = 5.0;
				TARGETED_DEVICE_FAMILY = "1,2";
			};
			name = Release;
		};
		A3DCA8C32AB4D15C0095636C /* Debug */ = {
			isa = XCBuildConfiguration;
			buildSettings = {
				ALWAYS_EMBED_SWIFT_STANDARD_LIBRARIES = YES;
				BUNDLE_LOADER = "$(TEST_HOST)";
				CODE_SIGN_STYLE = Automatic;
				CURRENT_PROJECT_VERSION = 1;
				DEVELOPMENT_TEAM = 79G3SNW9WU;
				GENERATE_INFOPLIST_FILE = YES;
				IPHONEOS_DEPLOYMENT_TARGET = 16.4;
				MARKETING_VERSION = 1.0;
				PRODUCT_BUNDLE_IDENTIFIER = com.SearchableTests;
				PRODUCT_NAME = "$(TARGET_NAME)";
				SWIFT_EMIT_LOC_STRINGS = NO;
				SWIFT_VERSION = 5.0;
				TARGETED_DEVICE_FAMILY = "1,2";
				TEST_HOST = "$(BUILT_PRODUCTS_DIR)/Searchable.app/$(BUNDLE_EXECUTABLE_FOLDER_PATH)/Searchable";
			};
			name = Debug;
		};
		A3DCA8C42AB4D15C0095636C /* Release */ = {
			isa = XCBuildConfiguration;
			buildSettings = {
				ALWAYS_EMBED_SWIFT_STANDARD_LIBRARIES = YES;
				BUNDLE_LOADER = "$(TEST_HOST)";
				CODE_SIGN_STYLE = Automatic;
				CURRENT_PROJECT_VERSION = 1;
				DEVELOPMENT_TEAM = 79G3SNW9WU;
				GENERATE_INFOPLIST_FILE = YES;
				IPHONEOS_DEPLOYMENT_TARGET = 16.4;
				MARKETING_VERSION = 1.0;
				PRODUCT_BUNDLE_IDENTIFIER = com.SearchableTests;
				PRODUCT_NAME = "$(TARGET_NAME)";
				SWIFT_EMIT_LOC_STRINGS = NO;
				SWIFT_VERSION = 5.0;
				TARGETED_DEVICE_FAMILY = "1,2";
				TEST_HOST = "$(BUILT_PRODUCTS_DIR)/Searchable.app/$(BUNDLE_EXECUTABLE_FOLDER_PATH)/Searchable";
			};
			name = Release;
		};
		A3DCA8C62AB4D15C0095636C /* Debug */ = {
			isa = XCBuildConfiguration;
			buildSettings = {
				ALWAYS_EMBED_SWIFT_STANDARD_LIBRARIES = YES;
				CODE_SIGN_STYLE = Automatic;
				CURRENT_PROJECT_VERSION = 1;
				DEVELOPMENT_TEAM = 79G3SNW9WU;
				GENERATE_INFOPLIST_FILE = YES;
				MARKETING_VERSION = 1.0;
				PRODUCT_BUNDLE_IDENTIFIER = com.SearchableUITests;
				PRODUCT_NAME = "$(TARGET_NAME)";
				SWIFT_EMIT_LOC_STRINGS = NO;
				SWIFT_VERSION = 5.0;
				TARGETED_DEVICE_FAMILY = "1,2";
				TEST_TARGET_NAME = Searchable;
			};
			name = Debug;
		};
		A3DCA8C72AB4D15C0095636C /* Release */ = {
			isa = XCBuildConfiguration;
			buildSettings = {
				ALWAYS_EMBED_SWIFT_STANDARD_LIBRARIES = YES;
				CODE_SIGN_STYLE = Automatic;
				CURRENT_PROJECT_VERSION = 1;
				DEVELOPMENT_TEAM = 79G3SNW9WU;
				GENERATE_INFOPLIST_FILE = YES;
				MARKETING_VERSION = 1.0;
				PRODUCT_BUNDLE_IDENTIFIER = com.SearchableUITests;
				PRODUCT_NAME = "$(TARGET_NAME)";
				SWIFT_EMIT_LOC_STRINGS = NO;
				SWIFT_VERSION = 5.0;
				TARGETED_DEVICE_FAMILY = "1,2";
				TEST_TARGET_NAME = Searchable;
			};
			name = Release;
		};
/* End XCBuildConfiguration section */

/* Begin XCConfigurationList section */
		A3DCA8962AB4D15B0095636C /* Build configuration list for PBXProject "Searchable" */ = {
			isa = XCConfigurationList;
			buildConfigurations = (
				A3DCA8BD2AB4D15C0095636C /* Debug */,
				A3DCA8BE2AB4D15C0095636C /* Release */,
			);
			defaultConfigurationIsVisible = 0;
			defaultConfigurationName = Release;
		};
		A3DCA8BF2AB4D15C0095636C /* Build configuration list for PBXNativeTarget "Searchable" */ = {
			isa = XCConfigurationList;
			buildConfigurations = (
				A3DCA8C02AB4D15C0095636C /* Debug */,
				A3DCA8C12AB4D15C0095636C /* Release */,
			);
			defaultConfigurationIsVisible = 0;
			defaultConfigurationName = Release;
		};
		A3DCA8C22AB4D15C0095636C /* Build configuration list for PBXNativeTarget "SearchableTests" */ = {
			isa = XCConfigurationList;
			buildConfigurations = (
				A3DCA8C32AB4D15C0095636C /* Debug */,
				A3DCA8C42AB4D15C0095636C /* Release */,
			);
			defaultConfigurationIsVisible = 0;
			defaultConfigurationName = Release;
		};
		A3DCA8C52AB4D15C0095636C /* Build configuration list for PBXNativeTarget "SearchableUITests" */ = {
			isa = XCConfigurationList;
			buildConfigurations = (
				A3DCA8C62AB4D15C0095636C /* Debug */,
				A3DCA8C72AB4D15C0095636C /* Release */,
			);
			defaultConfigurationIsVisible = 0;
			defaultConfigurationName = Release;
		};
/* End XCConfigurationList section */
	};
	rootObject = A3DCA8932AB4D15B0095636C /* Project object */;
}
